
Microsoft Visual Studio Solution File, Format Version 12.00
# Visual Studio 15
VisualStudioVersion = 15.0.28307.329
MinimumVisualStudioVersion = 10.0.40219.1
Project("{FAE04EC0-301F-11D3-BF4B-00C04F79EFBC}") = "Uqu", "Uqu\Uqu.csproj", "{EB5F29C1-3ADB-4E22-8104-11E36A37906A}"
EndProject
Global
	GlobalSection(SolutionConfigurationPlatforms) = preSolution
		Debug|Any CPU = Debug|Any CPU
		Release|Any CPU = Release|Any CPU
	EndGlobalSection
	GlobalSection(ProjectConfigurationPlatforms) = postSolution
		{EB5F29C1-3ADB-4E22-8104-11E36A37906A}.Debug|Any CPU.ActiveCfg = Debug|Any CPU
		{EB5F29C1-3ADB-4E22-8104-11E36A37906A}.Debug|Any CPU.Build.0 = Debug|Any CPU
		{EB5F29C1-3ADB-4E22-8104-11E36A37906A}.Release|Any CPU.ActiveCfg = Release|Any CPU
		{EB5F29C1-3ADB-4E22-8104-11E36A37906A}.Release|Any CPU.Build.0 = Release|Any CPU
	EndGlobalSection
	GlobalSection(SolutionProperties) = preSolution
		HideSolutionNode = FALSE
	EndGlobalSection
	GlobalSection(ExtensibilityGlobals) = postSolution
		SolutionGuid = {885BB57A-EC6B-4B9A-96F7-E2206B140D14}
	EndGlobalSection
EndGlobal
